
Microsoft Visual Studio Solution File, Format Version 12.00
# Visual Studio Version 17
VisualStudioVersion = 17.9.34622.214
MinimumVisualStudioVersion = 10.0.40219.1
Project("{9A19103F-16F7-4668-BE54-9A1E7A4F7556}") = "PTProject.Logic", "PTProject.Logic\PTProject.Logic.csproj", "{5D61BC31-60C8-4C29-B402-44DE95D39F37}"
EndProject
Project("{9A19103F-16F7-4668-BE54-9A1E7A4F7556}") = "PTProject.Data", "PTProject.Data\PTProject.Data.csproj", "{9ED5D6DE-9650-4525-8B49-F7EED8EEE974}"
EndProject
Project("{9A19103F-16F7-4668-BE54-9A1E7A4F7556}") = "PTProject.Logic.Test", "PTProject.Logic.Test\PTProject.Logic.Test.csproj", "{3FB094F7-29C8-4C22-929F-B682FE4D7868}"
EndProject
Project("{9A19103F-16F7-4668-BE54-9A1E7A4F7556}") = "PTProject.Data.Test", "PTProject.Data.Test\PTProject.Data.Test.csproj", "{9C25C5FE-3487-4713-8ABB-7A8D25336474}"
EndProject
Global
	GlobalSection(SolutionConfigurationPlatforms) = preSolution
		Debug|Any CPU = Debug|Any CPU
		Release|Any CPU = Release|Any CPU
	EndGlobalSection
	GlobalSection(ProjectConfigurationPlatforms) = postSolution
		{5D61BC31-60C8-4C29-B402-44DE95D39F37}.Debug|Any CPU.ActiveCfg = Debug|Any CPU
		{5D61BC31-60C8-4C29-B402-44DE95D39F37}.Debug|Any CPU.Build.0 = Debug|Any CPU
		{5D61BC31-60C8-4C29-B402-44DE95D39F37}.Release|Any CPU.ActiveCfg = Release|Any CPU
		{5D61BC31-60C8-4C29-B402-44DE95D39F37}.Release|Any CPU.Build.0 = Release|Any CPU
		{9ED5D6DE-9650-4525-8B49-F7EED8EEE974}.Debug|Any CPU.ActiveCfg = Debug|Any CPU
		{9ED5D6DE-9650-4525-8B49-F7EED8EEE974}.Debug|Any CPU.Build.0 = Debug|Any CPU
		{9ED5D6DE-9650-4525-8B49-F7EED8EEE974}.Release|Any CPU.ActiveCfg = Release|Any CPU
		{9ED5D6DE-9650-4525-8B49-F7EED8EEE974}.Release|Any CPU.Build.0 = Release|Any CPU
		{3FB094F7-29C8-4C22-929F-B682FE4D7868}.Debug|Any CPU.ActiveCfg = Debug|Any CPU
		{3FB094F7-29C8-4C22-929F-B682FE4D7868}.Debug|Any CPU.Build.0 = Debug|Any CPU
		{3FB094F7-29C8-4C22-929F-B682FE4D7868}.Release|Any CPU.ActiveCfg = Release|Any CPU
		{3FB094F7-29C8-4C22-929F-B682FE4D7868}.Release|Any CPU.Build.0 = Release|Any CPU
		{9C25C5FE-3487-4713-8ABB-7A8D25336474}.Debug|Any CPU.ActiveCfg = Debug|Any CPU
		{9C25C5FE-3487-4713-8ABB-7A8D25336474}.Debug|Any CPU.Build.0 = Debug|Any CPU
		{9C25C5FE-3487-4713-8ABB-7A8D25336474}.Release|Any CPU.ActiveCfg = Release|Any CPU
		{9C25C5FE-3487-4713-8ABB-7A8D25336474}.Release|Any CPU.Build.0 = Release|Any CPU
	EndGlobalSection
	GlobalSection(SolutionProperties) = preSolution
		HideSolutionNode = FALSE
	EndGlobalSection
	GlobalSection(ExtensibilityGlobals) = postSolution
		SolutionGuid = {30E9363D-84A9-44A2-81CA-CAF651175334}
	EndGlobalSection
EndGlobal
